
Microsoft Visual Studio Solution File, Format Version 12.00
# Visual Studio Version 17
VisualStudioVersion = 17.7.34031.279
MinimumVisualStudioVersion = 10.0.40219.1
Project("{FAE04EC0-301F-11D3-BF4B-00C04F79EFBC}") = "3.2 высокий ур 3 задание", "3.2 высокий ур 3 задание\3.2 высокий ур 3 задание.csproj", "{DC557DA2-9E90-40CD-A3A1-773986204F8D}"
EndProject
Global
	GlobalSection(SolutionConfigurationPlatforms) = preSolution
		Debug|Any CPU = Debug|Any CPU
		Release|Any CPU = Release|Any CPU
	EndGlobalSection
	GlobalSection(ProjectConfigurationPlatforms) = postSolution
		{DC557DA2-9E90-40CD-A3A1-773986204F8D}.Debug|Any CPU.ActiveCfg = Debug|Any CPU
		{DC557DA2-9E90-40CD-A3A1-773986204F8D}.Debug|Any CPU.Build.0 = Debug|Any CPU
		{DC557DA2-9E90-40CD-A3A1-773986204F8D}.Release|Any CPU.ActiveCfg = Release|Any CPU
		{DC557DA2-9E90-40CD-A3A1-773986204F8D}.Release|Any CPU.Build.0 = Release|Any CPU
	EndGlobalSection
	GlobalSection(SolutionProperties) = preSolution
		HideSolutionNode = FALSE
	EndGlobalSection
	GlobalSection(ExtensibilityGlobals) = postSolution
		SolutionGuid = {001730DF-BA3C-4FF2-8C83-AC4F836B02A6}
	EndGlobalSection
EndGlobal
